
Microsoft Visual Studio Solution File, Format Version 12.00
# Visual Studio 15
Project("{FAE04EC0-301F-11D3-BF4B-00C04F79EFBC}") = "Assembly-CSharp", "Assembly-CSharp.csproj", "{FD405050-ECD0-E4DD-D5F1-C82991D89328}"
EndProject
Global
	GlobalSection(SolutionConfigurationPlatforms) = preSolution
		Debug|Any CPU = Debug|Any CPU
		Release|Any CPU = Release|Any CPU
	EndGlobalSection
	GlobalSection(ProjectConfigurationPlatforms) = postSolution
		{FD405050-ECD0-E4DD-D5F1-C82991D89328}.Debug|Any CPU.ActiveCfg = Debug|Any CPU
		{FD405050-ECD0-E4DD-D5F1-C82991D89328}.Debug|Any CPU.Build.0 = Debug|Any CPU
		{FD405050-ECD0-E4DD-D5F1-C82991D89328}.Release|Any CPU.ActiveCfg = Release|Any CPU
		{FD405050-ECD0-E4DD-D5F1-C82991D89328}.Release|Any CPU.Build.0 = Release|Any CPU
	EndGlobalSection
	GlobalSection(SolutionProperties) = preSolution
		HideSolutionNode = FALSE
	EndGlobalSection
EndGlobal
